
Microsoft Visual Studio Solution File, Format Version 12.00
# Visual Studio Version 16
VisualStudioVersion = 16.0.30907.101
MinimumVisualStudioVersion = 10.0.40219.1
Project("{FAE04EC0-301F-11D3-BF4B-00C04F79EFBC}") = "MouseHouse", "MouseHouse.csproj", "{72AF1EB4-885B-4804-A1CE-B7F15DEBBFCF}"
EndProject
Global
	GlobalSection(SolutionConfigurationPlatforms) = preSolution
		Debug|Any CPU = Debug|Any CPU
		Release|Any CPU = Release|Any CPU
	EndGlobalSection
	GlobalSection(ProjectConfigurationPlatforms) = postSolution
		{72AF1EB4-885B-4804-A1CE-B7F15DEBBFCF}.Debug|Any CPU.ActiveCfg = Debug|Any CPU
		{72AF1EB4-885B-4804-A1CE-B7F15DEBBFCF}.Debug|Any CPU.Build.0 = Debug|Any CPU
		{72AF1EB4-885B-4804-A1CE-B7F15DEBBFCF}.Release|Any CPU.ActiveCfg = Release|Any CPU
		{72AF1EB4-885B-4804-A1CE-B7F15DEBBFCF}.Release|Any CPU.Build.0 = Release|Any CPU
	EndGlobalSection
	GlobalSection(SolutionProperties) = preSolution
		HideSolutionNode = FALSE
	EndGlobalSection
	GlobalSection(ExtensibilityGlobals) = postSolution
		SolutionGuid = {A62505F6-7499-4C93-B762-691BC2EF0767}
	EndGlobalSection
EndGlobal
